// !$*UTF8*$!
{
	archiveVersion = 1;
	classes = {
	};
	objectVersion = 50;
	objects = {

/* Begin PBXBuildFile section */
		AF2783C926E655E70038F050 /* Tests_iOS.swift in Sources */ = {isa = PBXBuildFile; fileRef = AF2783C826E655E70038F050 /* Tests_iOS.swift */; };
		AF2783D426E655E70038F050 /* Tests_macOS.swift in Sources */ = {isa = PBXBuildFile; fileRef = AF2783D326E655E70038F050 /* Tests_macOS.swift */; };
		AF2783D626E655E70038F050 /* ScrumdingerApp.swift in Sources */ = {isa = PBXBuildFile; fileRef = AF2783AD26E655E50038F050 /* ScrumdingerApp.swift */; };
		AF2783D726E655E70038F050 /* ScrumdingerApp.swift in Sources */ = {isa = PBXBuildFile; fileRef = AF2783AD26E655E50038F050 /* ScrumdingerApp.swift */; };
		AF2783D826E655E70038F050 /* ContentView.swift in Sources */ = {isa = PBXBuildFile; fileRef = AF2783AE26E655E50038F050 /* ContentView.swift */; };
		AF2783D926E655E70038F050 /* ContentView.swift in Sources */ = {isa = PBXBuildFile; fileRef = AF2783AE26E655E50038F050 /* ContentView.swift */; };
		AF2783DA26E655E70038F050 /* Assets.xcassets in Resources */ = {isa = PBXBuildFile; fileRef = AF2783AF26E655E70038F050 /* Assets.xcassets */; };
		AF2783DB26E655E70038F050 /* Assets.xcassets in Resources */ = {isa = PBXBuildFile; fileRef = AF2783AF26E655E70038F050 /* Assets.xcassets */; };
/* End PBXBuildFile section */

/* Begin PBXContainerItemProxy section */
		AF2783C526E655E70038F050 /* PBXContainerItemProxy */ = {
			isa = PBXContainerItemProxy;
			containerPortal = AF2783A826E655E50038F050 /* Project object */;
			proxyType = 1;
			remoteGlobalIDString = AF2783B326E655E70038F050;
			remoteInfo = "Scrumdinger (iOS)";
		};
		AF2783D026E655E70038F050 /* PBXContainerItemProxy */ = {
			isa = PBXContainerItemProxy;
			containerPortal = AF2783A826E655E50038F050 /* Project object */;
			proxyType = 1;
			remoteGlobalIDString = AF2783BB26E655E70038F050;
			remoteInfo = "Scrumdinger (macOS)";
		};
/* End PBXContainerItemProxy section */

/* Begin PBXFileReference section */
		AF2783AD26E655E50038F050 /* ScrumdingerApp.swift */ = {isa = PBXFileReference; lastKnownFileType = sourcecode.swift; path = ScrumdingerApp.swift; sourceTree = "<group>"; };
		AF2783AE26E655E50038F050 /* ContentView.swift */ = {isa = PBXFileReference; lastKnownFileType = sourcecode.swift; path = ContentView.swift; sourceTree = "<group>"; };
		AF2783AF26E655E70038F050 /* Assets.xcassets */ = {isa = PBXFileReference; lastKnownFileType = folder.assetcatalog; path = Assets.xcassets; sourceTree = "<group>"; };
		AF2783B426E655E70038F050 /* Scrumdinger.app */ = {isa = PBXFileReference; explicitFileType = wrapper.application; includeInIndex = 0; path = Scrumdinger.app; sourceTree = BUILT_PRODUCTS_DIR; };
		AF2783B726E655E70038F050 /* Info.plist */ = {isa = PBXFileReference; lastKnownFileType = text.plist.xml; path = Info.plist; sourceTree = "<group>"; };
		AF2783BC26E655E70038F050 /* Scrumdinger.app */ = {isa = PBXFileReference; explicitFileType = wrapper.application; includeInIndex = 0; path = Scrumdinger.app; sourceTree = BUILT_PRODUCTS_DIR; };
		AF2783BE26E655E70038F050 /* Info.plist */ = {isa = PBXFileReference; lastKnownFileType = text.plist.xml; path = Info.plist; sourceTree = "<group>"; };
		AF2783BF26E655E70038F050 /* macOS.entitlements */ = {isa = PBXFileReference; lastKnownFileType = text.plist.entitlements; path = macOS.entitlements; sourceTree = "<group>"; };
		AF2783C426E655E70038F050 /* Tests iOS.xctest */ = {isa = PBXFileReference; explicitFileType = wrapper.cfbundle; includeInIndex = 0; path = "Tests iOS.xctest"; sourceTree = BUILT_PRODUCTS_DIR; };
		AF2783C826E655E70038F050 /* Tests_iOS.swift */ = {isa = PBXFileReference; lastKnownFileType = sourcecode.swift; path = Tests_iOS.swift; sourceTree = "<group>"; };
		AF2783CA26E655E70038F050 /* Info.plist */ = {isa = PBXFileReference; lastKnownFileType = text.plist.xml; path = Info.plist; sourceTree = "<group>"; };
		AF2783CF26E655E70038F050 /* Tests macOS.xctest */ = {isa = PBXFileReference; explicitFileType = wrapper.cfbundle; includeInIndex = 0; path = "Tests macOS.xctest"; sourceTree = BUILT_PRODUCTS_DIR; };
		AF2783D326E655E70038F050 /* Tests_macOS.swift */ = {isa = PBXFileReference; lastKnownFileType = sourcecode.swift; path = Tests_macOS.swift; sourceTree = "<group>"; };
		AF2783D526E655E70038F050 /* Info.plist */ = {isa = PBXFileReference; lastKnownFileType = text.plist.xml; path = Info.plist; sourceTree = "<group>"; };
/* End PBXFileReference section */

/* Begin PBXFrameworksBuildPhase section */
		AF2783B126E655E70038F050 /* Frameworks */ = {
			isa = PBXFrameworksBuildPhase;
			buildActionMask = 2147483647;
			files = (
			);
			runOnlyForDeploymentPostprocessing = 0;
		};
		AF2783B926E655E70038F050 /* Frameworks */ = {
			isa = PBXFrameworksBuildPhase;
			buildActionMask = 2147483647;
			files = (
			);
			runOnlyForDeploymentPostprocessing = 0;
		};
		AF2783C126E655E70038F050 /* Frameworks */ = {
			isa = PBXFrameworksBuildPhase;
			buildActionMask = 2147483647;
			files = (
			);
			runOnlyForDeploymentPostprocessing = 0;
		};
		AF2783CC26E655E70038F050 /* Frameworks */ = {
			isa = PBXFrameworksBuildPhase;
			buildActionMask = 2147483647;
			files = (
			);
			runOnlyForDeploymentPostprocessing = 0;
		};
/* End PBXFrameworksBuildPhase section */

/* Begin PBXGroup section */
		AF2783A726E655E50038F050 = {
			isa = PBXGroup;
			children = (
				AF2783AC26E655E50038F050 /* Shared */,
				AF2783B626E655E70038F050 /* iOS */,
				AF2783BD26E655E70038F050 /* macOS */,
				AF2783C726E655E70038F050 /* Tests iOS */,
				AF2783D226E655E70038F050 /* Tests macOS */,
				AF2783B526E655E70038F050 /* Products */,
			);
			sourceTree = "<group>";
		};
		AF2783AC26E655E50038F050 /* Shared */ = {
			isa = PBXGroup;
			children = (
				AF2783AD26E655E50038F050 /* ScrumdingerApp.swift */,
				AF2783AE26E655E50038F050 /* ContentView.swift */,
				AF2783AF26E655E70038F050 /* Assets.xcassets */,
			);
			path = Shared;
			sourceTree = "<group>";
		};
		AF2783B526E655E70038F050 /* Products */ = {
			isa = PBXGroup;
			children = (
				AF2783B426E655E70038F050 /* Scrumdinger.app */,
				AF2783BC26E655E70038F050 /* Scrumdinger.app */,
				AF2783C426E655E70038F050 /* Tests iOS.xctest */,
				AF2783CF26E655E70038F050 /* Tests macOS.xctest */,
			);
			name = Products;
			sourceTree = "<group>";
		};
		AF2783B626E655E70038F050 /* iOS */ = {
			isa = PBXGroup;
			children = (
				AF2783B726E655E70038F050 /* Info.plist */,
			);
			path = iOS;
			sourceTree = "<group>";
		};
		AF2783BD26E655E70038F050 /* macOS */ = {
			isa = PBXGroup;
			children = (
				AF2783BE26E655E70038F050 /* Info.plist */,
				AF2783BF26E655E70038F050 /* macOS.entitlements */,
			);
			path = macOS;
			sourceTree = "<group>";
		};
		AF2783C726E655E70038F050 /* Tests iOS */ = {
			isa = PBXGroup;
			children = (
				AF2783C826E655E70038F050 /* Tests_iOS.swift */,
				AF2783CA26E655E70038F050 /* Info.plist */,
			);
			path = "Tests iOS";
			sourceTree = "<group>";
		};
		AF2783D226E655E70038F050 /* Tests macOS */ = {
			isa = PBXGroup;
			children = (
				AF2783D326E655E70038F050 /* Tests_macOS.swift */,
				AF2783D526E655E70038F050 /* Info.plist */,
			);
			path = "Tests macOS";
			sourceTree = "<group>";
		};
/* End PBXGroup section */

/* Begin PBXNativeTarget section */
		AF2783B326E655E70038F050 /* Scrumdinger (iOS) */ = {
			isa = PBXNativeTarget;
			buildConfigurationList = AF2783DE26E655E70038F050 /* Build configuration list for PBXNativeTarget "Scrumdinger (iOS)" */;
			buildPhases = (
				AF2783B026E655E70038F050 /* Sources */,
				AF2783B126E655E70038F050 /* Frameworks */,
				AF2783B226E655E70038F050 /* Resources */,
			);
			buildRules = (
			);
			dependencies = (
			);
			name = "Scrumdinger (iOS)";
			productName = "Scrumdinger (iOS)";
			productReference = AF2783B426E655E70038F050 /* Scrumdinger.app */;
			productType = "com.apple.product-type.application";
		};
		AF2783BB26E655E70038F050 /* Scrumdinger (macOS) */ = {
			isa = PBXNativeTarget;
			buildConfigurationList = AF2783E126E655E70038F050 /* Build configuration list for PBXNativeTarget "Scrumdinger (macOS)" */;
			buildPhases = (
				AF2783B826E655E70038F050 /* Sources */,
				AF2783B926E655E70038F050 /* Frameworks */,
				AF2783BA26E655E70038F050 /* Resources */,
			);
			buildRules = (
			);
			dependencies = (
			);
			name = "Scrumdinger (macOS)";
			productName = "Scrumdinger (macOS)";
			productReference = AF2783BC26E655E70038F050 /* Scrumdinger.app */;
			productType = "com.apple.product-type.application";
		};
		AF2783C326E655E70038F050 /* Tests iOS */ = {
			isa = PBXNativeTarget;
			buildConfigurationList = AF2783E426E655E70038F050 /* Build configuration list for PBXNativeTarget "Tests iOS" */;
			buildPhases = (
				AF2783C026E655E70038F050 /* Sources */,
				AF2783C126E655E70038F050 /* Frameworks */,
				AF2783C226E655E70038F050 /* Resources */,
			);
			buildRules = (
			);
			dependencies = (
				AF2783C626E655E70038F050 /* PBXTargetDependency */,
			);
			name = "Tests iOS";
			productName = "Tests iOS";
			productReference = AF2783C426E655E70038F050 /* Tests iOS.xctest */;
			productType = "com.apple.product-type.bundle.ui-testing";
		};
		AF2783CE26E655E70038F050 /* Tests macOS */ = {
			isa = PBXNativeTarget;
			buildConfigurationList = AF2783E726E655E70038F050 /* Build configuration list for PBXNativeTarget "Tests macOS" */;
			buildPhases = (
				AF2783CB26E655E70038F050 /* Sources */,
				AF2783CC26E655E70038F050 /* Frameworks */,
				AF2783CD26E655E70038F050 /* Resources */,
			);
			buildRules = (
			);
			dependencies = (
				AF2783D126E655E70038F050 /* PBXTargetDependency */,
			);
			name = "Tests macOS";
			productName = "Tests macOS";
			productReference = AF2783CF26E655E70038F050 /* Tests macOS.xctest */;
			productType = "com.apple.product-type.bundle.ui-testing";
		};
/* End PBXNativeTarget section */

/* Begin PBXProject section */
		AF2783A826E655E50038F050 /* Project object */ = {
			isa = PBXProject;
			attributes = {
				LastSwiftUpdateCheck = 1250;
				LastUpgradeCheck = 1250;
				TargetAttributes = {
					AF2783B326E655E70038F050 = {
						CreatedOnToolsVersion = 12.5.1;
					};
					AF2783BB26E655E70038F050 = {
						CreatedOnToolsVersion = 12.5.1;
					};
					AF2783C326E655E70038F050 = {
						CreatedOnToolsVersion = 12.5.1;
						TestTargetID = AF2783B326E655E70038F050;
					};
					AF2783CE26E655E70038F050 = {
						CreatedOnToolsVersion = 12.5.1;
						TestTargetID = AF2783BB26E655E70038F050;
					};
				};
			};
			buildConfigurationList = AF2783AB26E655E50038F050 /* Build configuration list for PBXProject "Scrumdinger" */;
			compatibilityVersion = "Xcode 9.3";
			developmentRegion = en;
			hasScannedForEncodings = 0;
			knownRegions = (
				en,
				Base,
			);
			mainGroup = AF2783A726E655E50038F050;
			productRefGroup = AF2783B526E655E70038F050 /* Products */;
			projectDirPath = "";
			projectRoot = "";
			targets = (
				AF2783B326E655E70038F050 /* Scrumdinger (iOS) */,
				AF2783BB26E655E70038F050 /* Scrumdinger (macOS) */,
				AF2783C326E655E70038F050 /* Tests iOS */,
				AF2783CE26E655E70038F050 /* Tests macOS */,
			);
		};
/* End PBXProject section */

/* Begin PBXResourcesBuildPhase section */
		AF2783B226E655E70038F050 /* Resources */ = {
			isa = PBXResourcesBuildPhase;
			buildActionMask = 2147483647;
			files = (
				AF2783DA26E655E70038F050 /* Assets.xcassets in Resources */,
			);
			runOnlyForDeploymentPostprocessing = 0;
		};
		AF2783BA26E655E70038F050 /* Resources */ = {
			isa = PBXResourcesBuildPhase;
			buildActionMask = 2147483647;
			files = (
				AF2783DB26E655E70038F050 /* Assets.xcassets in Resources */,
			);
			runOnlyForDeploymentPostprocessing = 0;
		};
		AF2783C226E655E70038F050 /* Resources */ = {
			isa = PBXResourcesBuildPhase;
			buildActionMask = 2147483647;
			files = (
			);
			runOnlyForDeploymentPostprocessing = 0;
		};
		AF2783CD26E655E70038F050 /* Resources */ = {
			isa = PBXResourcesBuildPhase;
			buildActionMask = 2147483647;
			files = (
			);
			runOnlyForDeploymentPostprocessing = 0;
		};
/* End PBXResourcesBuildPhase section */

/* Begin PBXSourcesBuildPhase section */
		AF2783B026E655E70038F050 /* Sources */ = {
			isa = PBXSourcesBuildPhase;
			buildActionMask = 2147483647;
			files = (
				AF2783D826E655E70038F050 /* ContentView.swift in Sources */,
				AF2783D626E655E70038F050 /* ScrumdingerApp.swift in Sources */,
			);
			runOnlyForDeploymentPostprocessing = 0;
		};
		AF2783B826E655E70038F050 /* Sources */ = {
			isa = PBXSourcesBuildPhase;
			buildActionMask = 2147483647;
			files = (
				AF2783D926E655E70038F050 /* ContentView.swift in Sources */,
				AF2783D726E655E70038F050 /* ScrumdingerApp.swift in Sources */,
			);
			runOnlyForDeploymentPostprocessing = 0;
		};
		AF2783C026E655E70038F050 /* Sources */ = {
			isa = PBXSourcesBuildPhase;
			buildActionMask = 2147483647;
			files = (
				AF2783C926E655E70038F050 /* Tests_iOS.swift in Sources */,
			);
			runOnlyForDeploymentPostprocessing = 0;
		};
		AF2783CB26E655E70038F050 /* Sources */ = {
			isa = PBXSourcesBuildPhase;
			buildActionMask = 2147483647;
			files = (
				AF2783D426E655E70038F050 /* Tests_macOS.swift in Sources */,
			);
			runOnlyForDeploymentPostprocessing = 0;
		};
/* End PBXSourcesBuildPhase section */

/* Begin PBXTargetDependency section */
		AF2783C626E655E70038F050 /* PBXTargetDependency */ = {
			isa = PBXTargetDependency;
			target = AF2783B326E655E70038F050 /* Scrumdinger (iOS) */;
			targetProxy = AF2783C526E655E70038F050 /* PBXContainerItemProxy */;
		};
		AF2783D126E655E70038F050 /* PBXTargetDependency */ = {
			isa = PBXTargetDependency;
			target = AF2783BB26E655E70038F050 /* Scrumdinger (macOS) */;
			targetProxy = AF2783D026E655E70038F050 /* PBXContainerItemProxy */;
		};
/* End PBXTargetDependency section */

/* Begin XCBuildConfiguration section */
		AF2783DC26E655E70038F050 /* Debug */ = {
			isa = XCBuildConfiguration;
			buildSettings = {
				ALWAYS_SEARCH_USER_PATHS = NO;
				CLANG_ANALYZER_NONNULL = YES;
				CLANG_ANALYZER_NUMBER_OBJECT_CONVERSION = YES_AGGRESSIVE;
				CLANG_CXX_LANGUAGE_STANDARD = "gnu++14";
				CLANG_CXX_LIBRARY = "libc++";
				CLANG_ENABLE_MODULES = YES;
				CLANG_ENABLE_OBJC_ARC = YES;
				CLANG_ENABLE_OBJC_WEAK = YES;
				CLANG_WARN_BLOCK_CAPTURE_AUTORELEASING = YES;
				CLANG_WARN_BOOL_CONVERSION = YES;
				CLANG_WARN_COMMA = YES;
				CLANG_WARN_CONSTANT_CONVERSION = YES;
				CLANG_WARN_DEPRECATED_OBJC_IMPLEMENTATIONS = YES;
				CLANG_WARN_DIRECT_OBJC_ISA_USAGE = YES_ERROR;
				CLANG_WARN_DOCUMENTATION_COMMENTS = YES;
				CLANG_WARN_EMPTY_BODY = YES;
				CLANG_WARN_ENUM_CONVERSION = YES;
				CLANG_WARN_INFINITE_RECURSION = YES;
				CLANG_WARN_INT_CONVERSION = YES;
				CLANG_WARN_NON_LITERAL_NULL_CONVERSION = YES;
				CLANG_WARN_OBJC_IMPLICIT_RETAIN_SELF = YES;
				CLANG_WARN_OBJC_LITERAL_CONVERSION = YES;
				CLANG_WARN_OBJC_ROOT_CLASS = YES_ERROR;
				CLANG_WARN_QUOTED_INCLUDE_IN_FRAMEWORK_HEADER = YES;
				CLANG_WARN_RANGE_LOOP_ANALYSIS = YES;
				CLANG_WARN_STRICT_PROTOTYPES = YES;
				CLANG_WARN_SUSPICIOUS_MOVE = YES;
				CLANG_WARN_UNGUARDED_AVAILABILITY = YES_AGGRESSIVE;
				CLANG_WARN_UNREACHABLE_CODE = YES;
				CLANG_WARN__DUPLICATE_METHOD_MATCH = YES;
				COPY_PHASE_STRIP = NO;
				DEBUG_INFORMATION_FORMAT = dwarf;
				ENABLE_STRICT_OBJC_MSGSEND = YES;
				ENABLE_TESTABILITY = YES;
				GCC_C_LANGUAGE_STANDARD = gnu11;
				GCC_DYNAMIC_NO_PIC = NO;
				GCC_NO_COMMON_BLOCKS = YES;
				GCC_OPTIMIZATION_LEVEL = 0;
				GCC_PREPROCESSOR_DEFINITIONS = (
					"DEBUG=1",
					"$(inherited)",
				);
				GCC_WARN_64_TO_32_BIT_CONVERSION = YES;
				GCC_WARN_ABOUT_RETURN_TYPE = YES_ERROR;
				GCC_WARN_UNDECLARED_SELECTOR = YES;
				GCC_WARN_UNINITIALIZED_AUTOS = YES_AGGRESSIVE;
				GCC_WARN_UNUSED_FUNCTION = YES;
				GCC_WARN_UNUSED_VARIABLE = YES;
				MTL_ENABLE_DEBUG_INFO = INCLUDE_SOURCE;
				MTL_FAST_MATH = YES;
				ONLY_ACTIVE_ARCH = YES;
				SWIFT_ACTIVE_COMPILATION_CONDITIONS = DEBUG;
				SWIFT_OPTIMIZATION_LEVEL = "-Onone";
			};
			name = Debug;
		};
		AF2783DD26E655E70038F050 /* Release */ = {
			isa = XCBuildConfiguration;
			buildSettings = {
				ALWAYS_SEARCH_USER_PATHS = NO;
				CLANG_ANALYZER_NONNULL = YES;
				CLANG_ANALYZER_NUMBER_OBJECT_CONVERSION = YES_AGGRESSIVE;
				CLANG_CXX_LANGUAGE_STANDARD = "gnu++14";
				CLANG_CXX_LIBRARY = "libc++";
				CLANG_ENABLE_MODULES = YES;
				CLANG_ENABLE_OBJC_ARC = YES;
				CLANG_ENABLE_OBJC_WEAK = YES;
				CLANG_WARN_BLOCK_CAPTURE_AUTORELEASING = YES;
				CLANG_WARN_BOOL_CONVERSION = YES;
				CLANG_WARN_COMMA = YES;
				CLANG_WARN_CONSTANT_CONVERSION = YES;
				CLANG_WARN_DEPRECATED_OBJC_IMPLEMENTATIONS = YES;
				CLANG_WARN_DIRECT_OBJC_ISA_USAGE = YES_ERROR;
				CLANG_WARN_DOCUMENTATION_COMMENTS = YES;
				CLANG_WARN_EMPTY_BODY = YES;
				CLANG_WARN_ENUM_CONVERSION = YES;
				CLANG_WARN_INFINITE_RECURSION = YES;
				CLANG_WARN_INT_CONVERSION = YES;
				CLANG_WARN_NON_LITERAL_NULL_CONVERSION = YES;
				CLANG_WARN_OBJC_IMPLICIT_RETAIN_SELF = YES;
				CLANG_WARN_OBJC_LITERAL_CONVERSION = YES;
				CLANG_WARN_OBJC_ROOT_CLASS = YES_ERROR;
				CLANG_WARN_QUOTED_INCLUDE_IN_FRAMEWORK_HEADER = YES;
				CLANG_WARN_RANGE_LOOP_ANALYSIS = YES;
				CLANG_WARN_STRICT_PROTOTYPES = YES;
				CLANG_WARN_SUSPICIOUS_MOVE = YES;
				CLANG_WARN_UNGUARDED_AVAILABILITY = YES_AGGRESSIVE;
				CLANG_WARN_UNREACHABLE_CODE = YES;
				CLANG_WARN__DUPLICATE_METHOD_MATCH = YES;
				COPY_PHASE_STRIP = NO;
				DEBUG_INFORMATION_FORMAT = "dwarf-with-dsym";
				ENABLE_NS_ASSERTIONS = NO;
				ENABLE_STRICT_OBJC_MSGSEND = YES;
				GCC_C_LANGUAGE_STANDARD = gnu11;
				GCC_NO_COMMON_BLOCKS = YES;
				GCC_WARN_64_TO_32_BIT_CONVERSION = YES;
				GCC_WARN_ABOUT_RETURN_TYPE = YES_ERROR;
				GCC_WARN_UNDECLARED_SELECTOR = YES;
				GCC_WARN_UNINITIALIZED_AUTOS = YES_AGGRESSIVE;
				GCC_WARN_UNUSED_FUNCTION = YES;
				GCC_WARN_UNUSED_VARIABLE = YES;
				MTL_ENABLE_DEBUG_INFO = NO;
				MTL_FAST_MATH = YES;
				SWIFT_COMPILATION_MODE = wholemodule;
				SWIFT_OPTIMIZATION_LEVEL = "-O";
			};
			name = Release;
		};
		AF2783DF26E655E70038F050 /* Debug */ = {
			isa = XCBuildConfiguration;
			buildSettings = {
				ASSETCATALOG_COMPILER_APPICON_NAME = AppIcon;
				ASSETCATALOG_COMPILER_GLOBAL_ACCENT_COLOR_NAME = AccentColor;
				CODE_SIGN_STYLE = Automatic;
				ENABLE_PREVIEWS = YES;
				INFOPLIST_FILE = iOS/Info.plist;
				IPHONEOS_DEPLOYMENT_TARGET = 14.0;
				LD_RUNPATH_SEARCH_PATHS = (
					"$(inherited)",
					"@executable_path/Frameworks",
				);
				PRODUCT_BUNDLE_IDENTIFIER = myorg.Scrumdinger;
				PRODUCT_NAME = Scrumdinger;
				SDKROOT = iphoneos;
				SWIFT_VERSION = 5.0;
				TARGETED_DEVICE_FAMILY = "1,2";
			};
			name = Debug;
		};
		AF2783E026E655E70038F050 /* Release */ = {
			isa = XCBuildConfiguration;
			buildSettings = {
				ASSETCATALOG_COMPILER_APPICON_NAME = AppIcon;
				ASSETCATALOG_COMPILER_GLOBAL_ACCENT_COLOR_NAME = AccentColor;
				CODE_SIGN_STYLE = Automatic;
				ENABLE_PREVIEWS = YES;
				INFOPLIST_FILE = iOS/Info.plist;
				IPHONEOS_DEPLOYMENT_TARGET = 14.0;
				LD_RUNPATH_SEARCH_PATHS = (
					"$(inherited)",
					"@executable_path/Frameworks",
				);
				PRODUCT_BUNDLE_IDENTIFIER = myorg.Scrumdinger;
				PRODUCT_NAME = Scrumdinger;
				SDKROOT = iphoneos;
				SWIFT_VERSION = 5.0;
				TARGETED_DEVICE_FAMILY = "1,2";
				VALIDATE_PRODUCT = YES;
			};
			name = Release;
		};
		AF2783E226E655E70038F050 /* Debug */ = {
			isa = XCBuildConfiguration;
			buildSettings = {
				ASSETCATALOG_COMPILER_APPICON_NAME = AppIcon;
				ASSETCATALOG_COMPILER_GLOBAL_ACCENT_COLOR_NAME = AccentColor;
				CODE_SIGN_ENTITLEMENTS = macOS/macOS.entitlements;
				CODE_SIGN_STYLE = Automatic;
				COMBINE_HIDPI_IMAGES = YES;
				ENABLE_PREVIEWS = YES;
				INFOPLIST_FILE = macOS/Info.plist;
				LD_RUNPATH_SEARCH_PATHS = (
					"$(inherited)",
					"@executable_path/../Frameworks",
				);
				MACOSX_DEPLOYMENT_TARGET = 11.0;
				PRODUCT_BUNDLE_IDENTIFIER = myorg.Scrumdinger;
				PRODUCT_NAME = Scrumdinger;
				SDKROOT = macosx;
				SWIFT_VERSION = 5.0;
			};
			name = Debug;
		};
		AF2783E326E655E70038F050 /* Release */ = {
			isa = XCBuildConfiguration;
			buildSettings = {
				ASSETCATALOG_COMPILER_APPICON_NAME = AppIcon;
				ASSETCATALOG_COMPILER_GLOBAL_ACCENT_COLOR_NAME = AccentColor;
				CODE_SIGN_ENTITLEMENTS = macOS/macOS.entitlements;
				CODE_SIGN_STYLE = Automatic;
				COMBINE_HIDPI_IMAGES = YES;
				ENABLE_PREVIEWS = YES;
				INFOPLIST_FILE = macOS/Info.plist;
				LD_RUNPATH_SEARCH_PATHS = (
					"$(inherited)",
					"@executable_path/../Frameworks",
				);
				MACOSX_DEPLOYMENT_TARGET = 11.0;
				PRODUCT_BUNDLE_IDENTIFIER = myorg.Scrumdinger;
				PRODUCT_NAME = Scrumdinger;
				SDKROOT = macosx;
				SWIFT_VERSION = 5.0;
			};
			name = Release;
		};
		AF2783E526E655E70038F050 /* Debug */ = {
			isa = XCBuildConfiguration;
			buildSettings = {
				ALWAYS_EMBED_SWIFT_STANDARD_LIBRARIES = YES;
				CODE_SIGN_STYLE = Automatic;
				INFOPLIST_FILE = "Tests iOS/Info.plist";
				IPHONEOS_DEPLOYMENT_TARGET = 14.5;
				LD_RUNPATH_SEARCH_PATHS = (
					"$(inherited)",
					"@executable_path/Frameworks",
					"@loader_path/Frameworks",
				);
				PRODUCT_BUNDLE_IDENTIFIER = "myorg.Tests-iOS";
				PRODUCT_NAME = "$(TARGET_NAME)";
				SDKROOT = iphoneos;
				SWIFT_VERSION = 5.0;
				TARGETED_DEVICE_FAMILY = "1,2";
				TEST_TARGET_NAME = "Scrumdinger (iOS)";
			};
			name = Debug;
		};
		AF2783E626E655E70038F050 /* Release */ = {
			isa = XCBuildConfiguration;
			buildSettings = {
				ALWAYS_EMBED_SWIFT_STANDARD_LIBRARIES = YES;
				CODE_SIGN_STYLE = Automatic;
				INFOPLIST_FILE = "Tests iOS/Info.plist";
				IPHONEOS_DEPLOYMENT_TARGET = 14.5;
				LD_RUNPATH_SEARCH_PATHS = (
					"$(inherited)",
					"@executable_path/Frameworks",
					"@loader_path/Frameworks",
				);
				PRODUCT_BUNDLE_IDENTIFIER = "myorg.Tests-iOS";
				PRODUCT_NAME = "$(TARGET_NAME)";
				SDKROOT = iphoneos;
				SWIFT_VERSION = 5.0;
				TARGETED_DEVICE_FAMILY = "1,2";
				TEST_TARGET_NAME = "Scrumdinger (iOS)";
				VALIDATE_PRODUCT = YES;
			};
			name = Release;
		};
		AF2783E826E655E70038F050 /* Debug */ = {
			isa = XCBuildConfiguration;
			buildSettings = {
				ALWAYS_EMBED_SWIFT_STANDARD_LIBRARIES = YES;
				CODE_SIGN_STYLE = Automatic;
				COMBINE_HIDPI_IMAGES = YES;
				INFOPLIST_FILE = "Tests macOS/Info.plist";
				LD_RUNPATH_SEARCH_PATHS = (
					"$(inherited)",
					"@executable_path/../Frameworks",
					"@loader_path/../Frameworks",
				);
				MACOSX_DEPLOYMENT_TARGET = 11.3;
				PRODUCT_BUNDLE_IDENTIFIER = "myorg.Tests-macOS";
				PRODUCT_NAME = "$(TARGET_NAME)";
				SDKROOT = macosx;
				SWIFT_VERSION = 5.0;
				TEST_TARGET_NAME = "Scrumdinger (macOS)";
			};
			name = Debug;
		};
		AF2783E926E655E70038F050 /* Release */ = {
			isa = XCBuildConfiguration;
			buildSettings = {
				ALWAYS_EMBED_SWIFT_STANDARD_LIBRARIES = YES;
				CODE_SIGN_STYLE = Automatic;
				COMBINE_HIDPI_IMAGES = YES;
				INFOPLIST_FILE = "Tests macOS/Info.plist";
				LD_RUNPATH_SEARCH_PATHS = (
					"$(inherited)",
					"@executable_path/../Frameworks",
					"@loader_path/../Frameworks",
				);
				MACOSX_DEPLOYMENT_TARGET = 11.3;
				PRODUCT_BUNDLE_IDENTIFIER = "myorg.Tests-macOS";
				PRODUCT_NAME = "$(TARGET_NAME)";
				SDKROOT = macosx;
				SWIFT_VERSION = 5.0;
				TEST_TARGET_NAME = "Scrumdinger (macOS)";
			};
			name = Release;
		};
/* End XCBuildConfiguration section */

/* Begin XCConfigurationList section */
		AF2783AB26E655E50038F050 /* Build configuration list for PBXProject "Scrumdinger" */ = {
			isa = XCConfigurationList;
			buildConfigurations = (
				AF2783DC26E655E70038F050 /* Debug */,
				AF2783DD26E655E70038F050 /* Release */,
			);
			defaultConfigurationIsVisible = 0;
			defaultConfigurationName = Release;
		};
		AF2783DE26E655E70038F050 /* Build configuration list for PBXNativeTarget "Scrumdinger (iOS)" */ = {
			isa = XCConfigurationList;
			buildConfigurations = (
				AF2783DF26E655E70038F050 /* Debug */,
				AF2783E026E655E70038F050 /* Release */,
			);
			defaultConfigurationIsVisible = 0;
			defaultConfigurationName = Release;
		};
		AF2783E126E655E70038F050 /* Build configuration list for PBXNativeTarget "Scrumdinger (macOS)" */ = {
			isa = XCConfigurationList;
			buildConfigurations = (
				AF2783E226E655E70038F050 /* Debug */,
				AF2783E326E655E70038F050 /* Release */,
			);
			defaultConfigurationIsVisible = 0;
			defaultConfigurationName = Release;
		};
		AF2783E426E655E70038F050 /* Build configuration list for PBXNativeTarget "Tests iOS" */ = {
			isa = XCConfigurationList;
			buildConfigurations = (
				AF2783E526E655E70038F050 /* Debug */,
				AF2783E626E655E70038F050 /* Release */,
			);
			defaultConfigurationIsVisible = 0;
			defaultConfigurationName = Release;
		};
		AF2783E726E655E70038F050 /* Build configuration list for PBXNativeTarget "Tests macOS" */ = {
			isa = XCConfigurationList;
			buildConfigurations = (
				AF2783E826E655E70038F050 /* Debug */,
				AF2783E926E655E70038F050 /* Release */,
			);
			defaultConfigurationIsVisible = 0;
			defaultConfigurationName = Release;
		};
/* End XCConfigurationList section */
	};
	rootObject = AF2783A826E655E50038F050 /* Project object */;
}
